
Microsoft Visual Studio Solution File, Format Version 12.00
# Visual Studio Version 16
VisualStudioVersion = 16.0.29728.190
MinimumVisualStudioVersion = 10.0.40219.1
Project("{FAE04EC0-301F-11D3-BF4B-00C04F79EFBC}") = "ByteBank", "ByteBank\ByteBank.csproj", "{DF118A7D-5F2A-436A-B8F8-2B314EC8B2AB}"
EndProject
Global
	GlobalSection(SolutionConfigurationPlatforms) = preSolution
		Debug|Any CPU = Debug|Any CPU
		Release|Any CPU = Release|Any CPU
	EndGlobalSection
	GlobalSection(ProjectConfigurationPlatforms) = postSolution
		{DF118A7D-5F2A-436A-B8F8-2B314EC8B2AB}.Debug|Any CPU.ActiveCfg = Debug|Any CPU
		{DF118A7D-5F2A-436A-B8F8-2B314EC8B2AB}.Debug|Any CPU.Build.0 = Debug|Any CPU
		{DF118A7D-5F2A-436A-B8F8-2B314EC8B2AB}.Release|Any CPU.ActiveCfg = Release|Any CPU
		{DF118A7D-5F2A-436A-B8F8-2B314EC8B2AB}.Release|Any CPU.Build.0 = Release|Any CPU
	EndGlobalSection
	GlobalSection(SolutionProperties) = preSolution
		HideSolutionNode = FALSE
	EndGlobalSection
	GlobalSection(ExtensibilityGlobals) = postSolution
		SolutionGuid = {5658AC70-F75B-4D75-B16C-0DC7C6DA20CD}
	EndGlobalSection
EndGlobal
